
Microsoft Visual Studio Solution File, Format Version 12.00
# Visual Studio Version 17
VisualStudioVersion = 17.0.31903.59
MinimumVisualStudioVersion = 10.0.40219.1
Project("{2150E333-8FDC-42A3-9474-1A3956D46DE8}") = "src", "src", "{EC269910-4803-42F3-817B-3C02954D1436}"
EndProject
Project("{2150E333-8FDC-42A3-9474-1A3956D46DE8}") = "Shared", "Shared", "{3EF05208-4C4C-458F-9626-A82881DA959E}"
EndProject
Project("{FAE04EC0-301F-11D3-BF4B-00C04F79EFBC}") = "Shared.Contracts", "src\Shared\Contracts\Shared.Contracts.csproj", "{33F14216-3E91-451D-B32E-09B0F8B112F0}"
EndProject
Project("{FAE04EC0-301F-11D3-BF4B-00C04F79EFBC}") = "Shared.BuildingBlocks", "src\Shared\BuildingBlocks\Shared.BuildingBlocks.csproj", "{B695B7AE-F40B-4F5E-95CA-3A59A8002896}"
EndProject
Project("{2150E333-8FDC-42A3-9474-1A3956D46DE8}") = "Services", "Services", "{24284247-0ACD-46F8-968E-785F669EA0EB}"
EndProject
Project("{2150E333-8FDC-42A3-9474-1A3956D46DE8}") = "OrderService", "OrderService", "{88513C3B-FA68-4810-9F92-9CDE0A8A9D7E}"
EndProject
Project("{FAE04EC0-301F-11D3-BF4B-00C04F79EFBC}") = "OrderService.Api", "src\Services\OrderService\OrderService.Api\OrderService.Api.csproj", "{325AAF3D-12CA-456B-9D87-07BC0A0A2D96}"
EndProject
Project("{FAE04EC0-301F-11D3-BF4B-00C04F79EFBC}") = "OrderService.Domain", "src\Services\OrderService\OrderService.Domain\OrderService.Domain.csproj", "{D899E011-FA57-4391-BD70-FF43786A5CF1}"
EndProject
Project("{FAE04EC0-301F-11D3-BF4B-00C04F79EFBC}") = "OrderService.Tests", "src\Services\OrderService\OrderService.Tests\OrderService.Tests.csproj", "{5D08BBA1-76A9-4739-8C8B-C47F7D25918F}"
EndProject
Project("{2150E333-8FDC-42A3-9474-1A3956D46DE8}") = "PaymentService", "PaymentService", "{35CB6CBC-8493-4B3A-AB41-1805B23A8158}"
EndProject
Project("{FAE04EC0-301F-11D3-BF4B-00C04F79EFBC}") = "PaymentService.Domain", "src\Services\PaymentService\PaymentService.Domain\PaymentService.Domain.csproj", "{1222D315-8EE5-44C0-8932-D44FEFE156AF}"
EndProject
Project("{FAE04EC0-301F-11D3-BF4B-00C04F79EFBC}") = "PaymentService.Tests", "src\Services\PaymentService\PaymentService.Tests\PaymentService.Tests.csproj", "{9005DD79-DC96-4AF1-92FE-74726F7595E3}"
EndProject
Project("{FAE04EC0-301F-11D3-BF4B-00C04F79EFBC}") = "PaymentService.Api", "src\Services\PaymentService\PaymentService.Api\PaymentService.Api.csproj", "{58C4A955-A05D-49C5-B32F-7B0D596D1280}"
EndProject
Project("{2150E333-8FDC-42A3-9474-1A3956D46DE8}") = "InventoryService", "InventoryService", "{0081525D-23CE-4C6D-8B64-BD1D383D6464}"
EndProject
Project("{FAE04EC0-301F-11D3-BF4B-00C04F79EFBC}") = "InventoryService.Domain", "src\Services\InventoryService\InventoryService.Domain\InventoryService.Domain.csproj", "{DAE5F650-3D0A-41F4-9033-86E05D4B8DCC}"
EndProject
Project("{FAE04EC0-301F-11D3-BF4B-00C04F79EFBC}") = "InventoryService.Tests", "src\Services\InventoryService\InventoryService.Tests\InventoryService.Tests.csproj", "{D2281B58-B263-4F3A-AAD7-4013751D9F1B}"
EndProject
Project("{FAE04EC0-301F-11D3-BF4B-00C04F79EFBC}") = "InventoryService.Api", "src\Services\InventoryService\InventoryService.Api\InventoryService.Api.csproj", "{55C5C953-09AB-423E-90BF-86845C23022E}"
EndProject
Project("{2150E333-8FDC-42A3-9474-1A3956D46DE8}") = "ShipmentService", "ShipmentService", "{0C13FC10-2A92-4174-A01E-21F25A7005F5}"
EndProject
Project("{FAE04EC0-301F-11D3-BF4B-00C04F79EFBC}") = "ShipmentService.Api", "src\Services\ShipmentService\ShipmentService.Api\ShipmentService.Api.csproj", "{1C2A21C7-BD63-44A1-A388-C405FC970EBB}"
EndProject
Project("{FAE04EC0-301F-11D3-BF4B-00C04F79EFBC}") = "ShipmentService.Domain", "src\Services\ShipmentService\ShipmentService.Domain\ShipmentService.Domain.csproj", "{7C5E5F3A-70FA-41E6-917C-CF1D8B25BE23}"
EndProject
Project("{FAE04EC0-301F-11D3-BF4B-00C04F79EFBC}") = "ShipmentService.Tests", "src\Services\ShipmentService\ShipmentService.Tests\ShipmentService.Tests.csproj", "{00111FFF-7E8C-4A6D-8FFC-44733B53F7E6}"
EndProject
Project("{2150E333-8FDC-42A3-9474-1A3956D46DE8}") = "NotificationService", "NotificationService", "{010E9696-C0DB-4F86-8B87-F3A4970755F2}"
EndProject
Project("{FAE04EC0-301F-11D3-BF4B-00C04F79EFBC}") = "NotificationService.Api", "src\Services\NotificationService\NotificationService.Api\NotificationService.Api.csproj", "{06792029-0452-4EFA-BCBF-A873EE155F0B}"
EndProject
Project("{FAE04EC0-301F-11D3-BF4B-00C04F79EFBC}") = "NotificationService.Domain", "src\Services\NotificationService\NotificationService.Domain\NotificationService.Domain.csproj", "{B4499926-05CC-46F9-994C-25E7FE3CA436}"
EndProject
Project("{FAE04EC0-301F-11D3-BF4B-00C04F79EFBC}") = "NotificationService.Tests", "src\Services\NotificationService\NotificationService.Tests\NotificationService.Tests.csproj", "{F3C844F9-5E66-4864-9A01-3C4D4385B83D}"
EndProject
Global
	GlobalSection(SolutionConfigurationPlatforms) = preSolution
		Debug|Any CPU = Debug|Any CPU
		Debug|x64 = Debug|x64
		Debug|x86 = Debug|x86
		Release|Any CPU = Release|Any CPU
		Release|x64 = Release|x64
		Release|x86 = Release|x86
	EndGlobalSection
	GlobalSection(ProjectConfigurationPlatforms) = postSolution
		{33F14216-3E91-451D-B32E-09B0F8B112F0}.Debug|Any CPU.ActiveCfg = Debug|Any CPU
		{33F14216-3E91-451D-B32E-09B0F8B112F0}.Debug|Any CPU.Build.0 = Debug|Any CPU
		{33F14216-3E91-451D-B32E-09B0F8B112F0}.Debug|x64.ActiveCfg = Debug|Any CPU
		{33F14216-3E91-451D-B32E-09B0F8B112F0}.Debug|x64.Build.0 = Debug|Any CPU
		{33F14216-3E91-451D-B32E-09B0F8B112F0}.Debug|x86.ActiveCfg = Debug|Any CPU
		{33F14216-3E91-451D-B32E-09B0F8B112F0}.Debug|x86.Build.0 = Debug|Any CPU
		{33F14216-3E91-451D-B32E-09B0F8B112F0}.Release|Any CPU.ActiveCfg = Release|Any CPU
		{33F14216-3E91-451D-B32E-09B0F8B112F0}.Release|Any CPU.Build.0 = Release|Any CPU
		{33F14216-3E91-451D-B32E-09B0F8B112F0}.Release|x64.ActiveCfg = Release|Any CPU
		{33F14216-3E91-451D-B32E-09B0F8B112F0}.Release|x64.Build.0 = Release|Any CPU
		{33F14216-3E91-451D-B32E-09B0F8B112F0}.Release|x86.ActiveCfg = Release|Any CPU
		{33F14216-3E91-451D-B32E-09B0F8B112F0}.Release|x86.Build.0 = Release|Any CPU
		{B695B7AE-F40B-4F5E-95CA-3A59A8002896}.Debug|Any CPU.ActiveCfg = Debug|Any CPU
		{B695B7AE-F40B-4F5E-95CA-3A59A8002896}.Debug|Any CPU.Build.0 = Debug|Any CPU
		{B695B7AE-F40B-4F5E-95CA-3A59A8002896}.Debug|x64.ActiveCfg = Debug|Any CPU
		{B695B7AE-F40B-4F5E-95CA-3A59A8002896}.Debug|x64.Build.0 = Debug|Any CPU
		{B695B7AE-F40B-4F5E-95CA-3A59A8002896}.Debug|x86.ActiveCfg = Debug|Any CPU
		{B695B7AE-F40B-4F5E-95CA-3A59A8002896}.Debug|x86.Build.0 = Debug|Any CPU
		{B695B7AE-F40B-4F5E-95CA-3A59A8002896}.Release|Any CPU.ActiveCfg = Release|Any CPU
		{B695B7AE-F40B-4F5E-95CA-3A59A8002896}.Release|Any CPU.Build.0 = Release|Any CPU
		{B695B7AE-F40B-4F5E-95CA-3A59A8002896}.Release|x64.ActiveCfg = Release|Any CPU
		{B695B7AE-F40B-4F5E-95CA-3A59A8002896}.Release|x64.Build.0 = Release|Any CPU
		{B695B7AE-F40B-4F5E-95CA-3A59A8002896}.Release|x86.ActiveCfg = Release|Any CPU
		{B695B7AE-F40B-4F5E-95CA-3A59A8002896}.Release|x86.Build.0 = Release|Any CPU
		{325AAF3D-12CA-456B-9D87-07BC0A0A2D96}.Debug|Any CPU.ActiveCfg = Debug|Any CPU
		{325AAF3D-12CA-456B-9D87-07BC0A0A2D96}.Debug|Any CPU.Build.0 = Debug|Any CPU
		{325AAF3D-12CA-456B-9D87-07BC0A0A2D96}.Debug|x64.ActiveCfg = Debug|Any CPU
		{325AAF3D-12CA-456B-9D87-07BC0A0A2D96}.Debug|x64.Build.0 = Debug|Any CPU
		{325AAF3D-12CA-456B-9D87-07BC0A0A2D96}.Debug|x86.ActiveCfg = Debug|Any CPU
		{325AAF3D-12CA-456B-9D87-07BC0A0A2D96}.Debug|x86.Build.0 = Debug|Any CPU
		{325AAF3D-12CA-456B-9D87-07BC0A0A2D96}.Release|Any CPU.ActiveCfg = Release|Any CPU
		{325AAF3D-12CA-456B-9D87-07BC0A0A2D96}.Release|Any CPU.Build.0 = Release|Any CPU
		{325AAF3D-12CA-456B-9D87-07BC0A0A2D96}.Release|x64.ActiveCfg = Release|Any CPU
		{325AAF3D-12CA-456B-9D87-07BC0A0A2D96}.Release|x64.Build.0 = Release|Any CPU
		{325AAF3D-12CA-456B-9D87-07BC0A0A2D96}.Release|x86.ActiveCfg = Release|Any CPU
		{325AAF3D-12CA-456B-9D87-07BC0A0A2D96}.Release|x86.Build.0 = Release|Any CPU
		{D899E011-FA57-4391-BD70-FF43786A5CF1}.Debug|Any CPU.ActiveCfg = Debug|Any CPU
		{D899E011-FA57-4391-BD70-FF43786A5CF1}.Debug|Any CPU.Build.0 = Debug|Any CPU
		{D899E011-FA57-4391-BD70-FF43786A5CF1}.Debug|x64.ActiveCfg = Debug|Any CPU
		{D899E011-FA57-4391-BD70-FF43786A5CF1}.Debug|x64.Build.0 = Debug|Any CPU
		{D899E011-FA57-4391-BD70-FF43786A5CF1}.Debug|x86.ActiveCfg = Debug|Any CPU
		{D899E011-FA57-4391-BD70-FF43786A5CF1}.Debug|x86.Build.0 = Debug|Any CPU
		{D899E011-FA57-4391-BD70-FF43786A5CF1}.Release|Any CPU.ActiveCfg = Release|Any CPU
		{D899E011-FA57-4391-BD70-FF43786A5CF1}.Release|Any CPU.Build.0 = Release|Any CPU
		{D899E011-FA57-4391-BD70-FF43786A5CF1}.Release|x64.ActiveCfg = Release|Any CPU
		{D899E011-FA57-4391-BD70-FF43786A5CF1}.Release|x64.Build.0 = Release|Any CPU
		{D899E011-FA57-4391-BD70-FF43786A5CF1}.Release|x86.ActiveCfg = Release|Any CPU
		{D899E011-FA57-4391-BD70-FF43786A5CF1}.Release|x86.Build.0 = Release|Any CPU
		{5D08BBA1-76A9-4739-8C8B-C47F7D25918F}.Debug|Any CPU.ActiveCfg = Debug|Any CPU
		{5D08BBA1-76A9-4739-8C8B-C47F7D25918F}.Debug|Any CPU.Build.0 = Debug|Any CPU
		{5D08BBA1-76A9-4739-8C8B-C47F7D25918F}.Debug|x64.ActiveCfg = Debug|Any CPU
		{5D08BBA1-76A9-4739-8C8B-C47F7D25918F}.Debug|x64.Build.0 = Debug|Any CPU
		{5D08BBA1-76A9-4739-8C8B-C47F7D25918F}.Debug|x86.ActiveCfg = Debug|Any CPU
		{5D08BBA1-76A9-4739-8C8B-C47F7D25918F}.Debug|x86.Build.0 = Debug|Any CPU
		{5D08BBA1-76A9-4739-8C8B-C47F7D25918F}.Release|Any CPU.ActiveCfg = Release|Any CPU
		{5D08BBA1-76A9-4739-8C8B-C47F7D25918F}.Release|Any CPU.Build.0 = Release|Any CPU
		{5D08BBA1-76A9-4739-8C8B-C47F7D25918F}.Release|x64.ActiveCfg = Release|Any CPU
		{5D08BBA1-76A9-4739-8C8B-C47F7D25918F}.Release|x64.Build.0 = Release|Any CPU
		{5D08BBA1-76A9-4739-8C8B-C47F7D25918F}.Release|x86.ActiveCfg = Release|Any CPU
		{5D08BBA1-76A9-4739-8C8B-C47F7D25918F}.Release|x86.Build.0 = Release|Any CPU
		{1222D315-8EE5-44C0-8932-D44FEFE156AF}.Debug|Any CPU.ActiveCfg = Debug|Any CPU
		{1222D315-8EE5-44C0-8932-D44FEFE156AF}.Debug|Any CPU.Build.0 = Debug|Any CPU
		{1222D315-8EE5-44C0-8932-D44FEFE156AF}.Debug|x64.ActiveCfg = Debug|Any CPU
		{1222D315-8EE5-44C0-8932-D44FEFE156AF}.Debug|x64.Build.0 = Debug|Any CPU
		{1222D315-8EE5-44C0-8932-D44FEFE156AF}.Debug|x86.ActiveCfg = Debug|Any CPU
		{1222D315-8EE5-44C0-8932-D44FEFE156AF}.Debug|x86.Build.0 = Debug|Any CPU
		{1222D315-8EE5-44C0-8932-D44FEFE156AF}.Release|Any CPU.ActiveCfg = Release|Any CPU
		{1222D315-8EE5-44C0-8932-D44FEFE156AF}.Release|Any CPU.Build.0 = Release|Any CPU
		{1222D315-8EE5-44C0-8932-D44FEFE156AF}.Release|x64.ActiveCfg = Release|Any CPU
		{1222D315-8EE5-44C0-8932-D44FEFE156AF}.Release|x64.Build.0 = Release|Any CPU
		{1222D315-8EE5-44C0-8932-D44FEFE156AF}.Release|x86.ActiveCfg = Release|Any CPU
		{1222D315-8EE5-44C0-8932-D44FEFE156AF}.Release|x86.Build.0 = Release|Any CPU
		{9005DD79-DC96-4AF1-92FE-74726F7595E3}.Debug|Any CPU.ActiveCfg = Debug|Any CPU
		{9005DD79-DC96-4AF1-92FE-74726F7595E3}.Debug|Any CPU.Build.0 = Debug|Any CPU
		{9005DD79-DC96-4AF1-92FE-74726F7595E3}.Debug|x64.ActiveCfg = Debug|Any CPU
		{9005DD79-DC96-4AF1-92FE-74726F7595E3}.Debug|x64.Build.0 = Debug|Any CPU
		{9005DD79-DC96-4AF1-92FE-74726F7595E3}.Debug|x86.ActiveCfg = Debug|Any CPU
		{9005DD79-DC96-4AF1-92FE-74726F7595E3}.Debug|x86.Build.0 = Debug|Any CPU
		{9005DD79-DC96-4AF1-92FE-74726F7595E3}.Release|Any CPU.ActiveCfg = Release|Any CPU
		{9005DD79-DC96-4AF1-92FE-74726F7595E3}.Release|Any CPU.Build.0 = Release|Any CPU
		{9005DD79-DC96-4AF1-92FE-74726F7595E3}.Release|x64.ActiveCfg = Release|Any CPU
		{9005DD79-DC96-4AF1-92FE-74726F7595E3}.Release|x64.Build.0 = Release|Any CPU
		{9005DD79-DC96-4AF1-92FE-74726F7595E3}.Release|x86.ActiveCfg = Release|Any CPU
		{9005DD79-DC96-4AF1-92FE-74726F7595E3}.Release|x86.Build.0 = Release|Any CPU
		{58C4A955-A05D-49C5-B32F-7B0D596D1280}.Debug|Any CPU.ActiveCfg = Debug|Any CPU
		{58C4A955-A05D-49C5-B32F-7B0D596D1280}.Debug|Any CPU.Build.0 = Debug|Any CPU
		{58C4A955-A05D-49C5-B32F-7B0D596D1280}.Debug|x64.ActiveCfg = Debug|Any CPU
		{58C4A955-A05D-49C5-B32F-7B0D596D1280}.Debug|x64.Build.0 = Debug|Any CPU
		{58C4A955-A05D-49C5-B32F-7B0D596D1280}.Debug|x86.ActiveCfg = Debug|Any CPU
		{58C4A955-A05D-49C5-B32F-7B0D596D1280}.Debug|x86.Build.0 = Debug|Any CPU
		{58C4A955-A05D-49C5-B32F-7B0D596D1280}.Release|Any CPU.ActiveCfg = Release|Any CPU
		{58C4A955-A05D-49C5-B32F-7B0D596D1280}.Release|Any CPU.Build.0 = Release|Any CPU
		{58C4A955-A05D-49C5-B32F-7B0D596D1280}.Release|x64.ActiveCfg = Release|Any CPU
		{58C4A955-A05D-49C5-B32F-7B0D596D1280}.Release|x64.Build.0 = Release|Any CPU
		{58C4A955-A05D-49C5-B32F-7B0D596D1280}.Release|x86.ActiveCfg = Release|Any CPU
		{58C4A955-A05D-49C5-B32F-7B0D596D1280}.Release|x86.Build.0 = Release|Any CPU
		{DAE5F650-3D0A-41F4-9033-86E05D4B8DCC}.Debug|Any CPU.ActiveCfg = Debug|Any CPU
		{DAE5F650-3D0A-41F4-9033-86E05D4B8DCC}.Debug|Any CPU.Build.0 = Debug|Any CPU
		{DAE5F650-3D0A-41F4-9033-86E05D4B8DCC}.Debug|x64.ActiveCfg = Debug|Any CPU
		{DAE5F650-3D0A-41F4-9033-86E05D4B8DCC}.Debug|x64.Build.0 = Debug|Any CPU
		{DAE5F650-3D0A-41F4-9033-86E05D4B8DCC}.Debug|x86.ActiveCfg = Debug|Any CPU
		{DAE5F650-3D0A-41F4-9033-86E05D4B8DCC}.Debug|x86.Build.0 = Debug|Any CPU
		{DAE5F650-3D0A-41F4-9033-86E05D4B8DCC}.Release|Any CPU.ActiveCfg = Release|Any CPU
		{DAE5F650-3D0A-41F4-9033-86E05D4B8DCC}.Release|Any CPU.Build.0 = Release|Any CPU
		{DAE5F650-3D0A-41F4-9033-86E05D4B8DCC}.Release|x64.ActiveCfg = Release|Any CPU
		{DAE5F650-3D0A-41F4-9033-86E05D4B8DCC}.Release|x64.Build.0 = Release|Any CPU
		{DAE5F650-3D0A-41F4-9033-86E05D4B8DCC}.Release|x86.ActiveCfg = Release|Any CPU
		{DAE5F650-3D0A-41F4-9033-86E05D4B8DCC}.Release|x86.Build.0 = Release|Any CPU
		{D2281B58-B263-4F3A-AAD7-4013751D9F1B}.Debug|Any CPU.ActiveCfg = Debug|Any CPU
		{D2281B58-B263-4F3A-AAD7-4013751D9F1B}.Debug|Any CPU.Build.0 = Debug|Any CPU
		{D2281B58-B263-4F3A-AAD7-4013751D9F1B}.Debug|x64.ActiveCfg = Debug|Any CPU
		{D2281B58-B263-4F3A-AAD7-4013751D9F1B}.Debug|x64.Build.0 = Debug|Any CPU
		{D2281B58-B263-4F3A-AAD7-4013751D9F1B}.Debug|x86.ActiveCfg = Debug|Any CPU
		{D2281B58-B263-4F3A-AAD7-4013751D9F1B}.Debug|x86.Build.0 = Debug|Any CPU
		{D2281B58-B263-4F3A-AAD7-4013751D9F1B}.Release|Any CPU.ActiveCfg = Release|Any CPU
		{D2281B58-B263-4F3A-AAD7-4013751D9F1B}.Release|Any CPU.Build.0 = Release|Any CPU
		{D2281B58-B263-4F3A-AAD7-4013751D9F1B}.Release|x64.ActiveCfg = Release|Any CPU
		{D2281B58-B263-4F3A-AAD7-4013751D9F1B}.Release|x64.Build.0 = Release|Any CPU
		{D2281B58-B263-4F3A-AAD7-4013751D9F1B}.Release|x86.ActiveCfg = Release|Any CPU
		{D2281B58-B263-4F3A-AAD7-4013751D9F1B}.Release|x86.Build.0 = Release|Any CPU
		{55C5C953-09AB-423E-90BF-86845C23022E}.Debug|Any CPU.ActiveCfg = Debug|Any CPU
		{55C5C953-09AB-423E-90BF-86845C23022E}.Debug|Any CPU.Build.0 = Debug|Any CPU
		{55C5C953-09AB-423E-90BF-86845C23022E}.Debug|x64.ActiveCfg = Debug|Any CPU
		{55C5C953-09AB-423E-90BF-86845C23022E}.Debug|x64.Build.0 = Debug|Any CPU
		{55C5C953-09AB-423E-90BF-86845C23022E}.Debug|x86.ActiveCfg = Debug|Any CPU
		{55C5C953-09AB-423E-90BF-86845C23022E}.Debug|x86.Build.0 = Debug|Any CPU
		{55C5C953-09AB-423E-90BF-86845C23022E}.Release|Any CPU.ActiveCfg = Release|Any CPU
		{55C5C953-09AB-423E-90BF-86845C23022E}.Release|Any CPU.Build.0 = Release|Any CPU
		{55C5C953-09AB-423E-90BF-86845C23022E}.Release|x64.ActiveCfg = Release|Any CPU
		{55C5C953-09AB-423E-90BF-86845C23022E}.Release|x64.Build.0 = Release|Any CPU
		{55C5C953-09AB-423E-90BF-86845C23022E}.Release|x86.ActiveCfg = Release|Any CPU
		{55C5C953-09AB-423E-90BF-86845C23022E}.Release|x86.Build.0 = Release|Any CPU
		{1C2A21C7-BD63-44A1-A388-C405FC970EBB}.Debug|Any CPU.ActiveCfg = Debug|Any CPU
		{1C2A21C7-BD63-44A1-A388-C405FC970EBB}.Debug|Any CPU.Build.0 = Debug|Any CPU
		{1C2A21C7-BD63-44A1-A388-C405FC970EBB}.Debug|x64.ActiveCfg = Debug|Any CPU
		{1C2A21C7-BD63-44A1-A388-C405FC970EBB}.Debug|x64.Build.0 = Debug|Any CPU
		{1C2A21C7-BD63-44A1-A388-C405FC970EBB}.Debug|x86.ActiveCfg = Debug|Any CPU
		{1C2A21C7-BD63-44A1-A388-C405FC970EBB}.Debug|x86.Build.0 = Debug|Any CPU
		{1C2A21C7-BD63-44A1-A388-C405FC970EBB}.Release|Any CPU.ActiveCfg = Release|Any CPU
		{1C2A21C7-BD63-44A1-A388-C405FC970EBB}.Release|Any CPU.Build.0 = Release|Any CPU
		{1C2A21C7-BD63-44A1-A388-C405FC970EBB}.Release|x64.ActiveCfg = Release|Any CPU
		{1C2A21C7-BD63-44A1-A388-C405FC970EBB}.Release|x64.Build.0 = Release|Any CPU
		{1C2A21C7-BD63-44A1-A388-C405FC970EBB}.Release|x86.ActiveCfg = Release|Any CPU
		{1C2A21C7-BD63-44A1-A388-C405FC970EBB}.Release|x86.Build.0 = Release|Any CPU
		{7C5E5F3A-70FA-41E6-917C-CF1D8B25BE23}.Debug|Any CPU.ActiveCfg = Debug|Any CPU
		{7C5E5F3A-70FA-41E6-917C-CF1D8B25BE23}.Debug|Any CPU.Build.0 = Debug|Any CPU
		{7C5E5F3A-70FA-41E6-917C-CF1D8B25BE23}.Debug|x64.ActiveCfg = Debug|Any CPU
		{7C5E5F3A-70FA-41E6-917C-CF1D8B25BE23}.Debug|x64.Build.0 = Debug|Any CPU
		{7C5E5F3A-70FA-41E6-917C-CF1D8B25BE23}.Debug|x86.ActiveCfg = Debug|Any CPU
		{7C5E5F3A-70FA-41E6-917C-CF1D8B25BE23}.Debug|x86.Build.0 = Debug|Any CPU
		{7C5E5F3A-70FA-41E6-917C-CF1D8B25BE23}.Release|Any CPU.ActiveCfg = Release|Any CPU
		{7C5E5F3A-70FA-41E6-917C-CF1D8B25BE23}.Release|Any CPU.Build.0 = Release|Any CPU
		{7C5E5F3A-70FA-41E6-917C-CF1D8B25BE23}.Release|x64.ActiveCfg = Release|Any CPU
		{7C5E5F3A-70FA-41E6-917C-CF1D8B25BE23}.Release|x64.Build.0 = Release|Any CPU
		{7C5E5F3A-70FA-41E6-917C-CF1D8B25BE23}.Release|x86.ActiveCfg = Release|Any CPU
		{7C5E5F3A-70FA-41E6-917C-CF1D8B25BE23}.Release|x86.Build.0 = Release|Any CPU
		{00111FFF-7E8C-4A6D-8FFC-44733B53F7E6}.Debug|Any CPU.ActiveCfg = Debug|Any CPU
		{00111FFF-7E8C-4A6D-8FFC-44733B53F7E6}.Debug|Any CPU.Build.0 = Debug|Any CPU
		{00111FFF-7E8C-4A6D-8FFC-44733B53F7E6}.Debug|x64.ActiveCfg = Debug|Any CPU
		{00111FFF-7E8C-4A6D-8FFC-44733B53F7E6}.Debug|x64.Build.0 = Debug|Any CPU
		{00111FFF-7E8C-4A6D-8FFC-44733B53F7E6}.Debug|x86.ActiveCfg = Debug|Any CPU
		{00111FFF-7E8C-4A6D-8FFC-44733B53F7E6}.Debug|x86.Build.0 = Debug|Any CPU
		{00111FFF-7E8C-4A6D-8FFC-44733B53F7E6}.Release|Any CPU.ActiveCfg = Release|Any CPU
		{00111FFF-7E8C-4A6D-8FFC-44733B53F7E6}.Release|Any CPU.Build.0 = Release|Any CPU
		{00111FFF-7E8C-4A6D-8FFC-44733B53F7E6}.Release|x64.ActiveCfg = Release|Any CPU
		{00111FFF-7E8C-4A6D-8FFC-44733B53F7E6}.Release|x64.Build.0 = Release|Any CPU
		{00111FFF-7E8C-4A6D-8FFC-44733B53F7E6}.Release|x86.ActiveCfg = Release|Any CPU
		{00111FFF-7E8C-4A6D-8FFC-44733B53F7E6}.Release|x86.Build.0 = Release|Any CPU
		{06792029-0452-4EFA-BCBF-A873EE155F0B}.Debug|Any CPU.ActiveCfg = Debug|Any CPU
		{06792029-0452-4EFA-BCBF-A873EE155F0B}.Debug|Any CPU.Build.0 = Debug|Any CPU
		{06792029-0452-4EFA-BCBF-A873EE155F0B}.Debug|x64.ActiveCfg = Debug|Any CPU
		{06792029-0452-4EFA-BCBF-A873EE155F0B}.Debug|x64.Build.0 = Debug|Any CPU
		{06792029-0452-4EFA-BCBF-A873EE155F0B}.Debug|x86.ActiveCfg = Debug|Any CPU
		{06792029-0452-4EFA-BCBF-A873EE155F0B}.Debug|x86.Build.0 = Debug|Any CPU
		{06792029-0452-4EFA-BCBF-A873EE155F0B}.Release|Any CPU.ActiveCfg = Release|Any CPU
		{06792029-0452-4EFA-BCBF-A873EE155F0B}.Release|Any CPU.Build.0 = Release|Any CPU
		{06792029-0452-4EFA-BCBF-A873EE155F0B}.Release|x64.ActiveCfg = Release|Any CPU
		{06792029-0452-4EFA-BCBF-A873EE155F0B}.Release|x64.Build.0 = Release|Any CPU
		{06792029-0452-4EFA-BCBF-A873EE155F0B}.Release|x86.ActiveCfg = Release|Any CPU
		{06792029-0452-4EFA-BCBF-A873EE155F0B}.Release|x86.Build.0 = Release|Any CPU
		{B4499926-05CC-46F9-994C-25E7FE3CA436}.Debug|Any CPU.ActiveCfg = Debug|Any CPU
		{B4499926-05CC-46F9-994C-25E7FE3CA436}.Debug|Any CPU.Build.0 = Debug|Any CPU
		{B4499926-05CC-46F9-994C-25E7FE3CA436}.Debug|x64.ActiveCfg = Debug|Any CPU
		{B4499926-05CC-46F9-994C-25E7FE3CA436}.Debug|x64.Build.0 = Debug|Any CPU
		{B4499926-05CC-46F9-994C-25E7FE3CA436}.Debug|x86.ActiveCfg = Debug|Any CPU
		{B4499926-05CC-46F9-994C-25E7FE3CA436}.Debug|x86.Build.0 = Debug|Any CPU
		{B4499926-05CC-46F9-994C-25E7FE3CA436}.Release|Any CPU.ActiveCfg = Release|Any CPU
		{B4499926-05CC-46F9-994C-25E7FE3CA436}.Release|Any CPU.Build.0 = Release|Any CPU
		{B4499926-05CC-46F9-994C-25E7FE3CA436}.Release|x64.ActiveCfg = Release|Any CPU
		{B4499926-05CC-46F9-994C-25E7FE3CA436}.Release|x64.Build.0 = Release|Any CPU
		{B4499926-05CC-46F9-994C-25E7FE3CA436}.Release|x86.ActiveCfg = Release|Any CPU
		{B4499926-05CC-46F9-994C-25E7FE3CA436}.Release|x86.Build.0 = Release|Any CPU
		{F3C844F9-5E66-4864-9A01-3C4D4385B83D}.Debug|Any CPU.ActiveCfg = Debug|Any CPU
		{F3C844F9-5E66-4864-9A01-3C4D4385B83D}.Debug|Any CPU.Build.0 = Debug|Any CPU
		{F3C844F9-5E66-4864-9A01-3C4D4385B83D}.Debug|x64.ActiveCfg = Debug|Any CPU
		{F3C844F9-5E66-4864-9A01-3C4D4385B83D}.Debug|x64.Build.0 = Debug|Any CPU
		{F3C844F9-5E66-4864-9A01-3C4D4385B83D}.Debug|x86.ActiveCfg = Debug|Any CPU
		{F3C844F9-5E66-4864-9A01-3C4D4385B83D}.Debug|x86.Build.0 = Debug|Any CPU
		{F3C844F9-5E66-4864-9A01-3C4D4385B83D}.Release|Any CPU.ActiveCfg = Release|Any CPU
		{F3C844F9-5E66-4864-9A01-3C4D4385B83D}.Release|Any CPU.Build.0 = Release|Any CPU
		{F3C844F9-5E66-4864-9A01-3C4D4385B83D}.Release|x64.ActiveCfg = Release|Any CPU
		{F3C844F9-5E66-4864-9A01-3C4D4385B83D}.Release|x64.Build.0 = Release|Any CPU
		{F3C844F9-5E66-4864-9A01-3C4D4385B83D}.Release|x86.ActiveCfg = Release|Any CPU
		{F3C844F9-5E66-4864-9A01-3C4D4385B83D}.Release|x86.Build.0 = Release|Any CPU
	EndGlobalSection
	GlobalSection(SolutionProperties) = preSolution
		HideSolutionNode = FALSE
	EndGlobalSection
	GlobalSection(NestedProjects) = preSolution
		{3EF05208-4C4C-458F-9626-A82881DA959E} = {EC269910-4803-42F3-817B-3C02954D1436}
		{33F14216-3E91-451D-B32E-09B0F8B112F0} = {3EF05208-4C4C-458F-9626-A82881DA959E}
		{B695B7AE-F40B-4F5E-95CA-3A59A8002896} = {3EF05208-4C4C-458F-9626-A82881DA959E}
		{24284247-0ACD-46F8-968E-785F669EA0EB} = {EC269910-4803-42F3-817B-3C02954D1436}
		{88513C3B-FA68-4810-9F92-9CDE0A8A9D7E} = {24284247-0ACD-46F8-968E-785F669EA0EB}
		{325AAF3D-12CA-456B-9D87-07BC0A0A2D96} = {88513C3B-FA68-4810-9F92-9CDE0A8A9D7E}
		{D899E011-FA57-4391-BD70-FF43786A5CF1} = {88513C3B-FA68-4810-9F92-9CDE0A8A9D7E}
		{5D08BBA1-76A9-4739-8C8B-C47F7D25918F} = {88513C3B-FA68-4810-9F92-9CDE0A8A9D7E}
		{35CB6CBC-8493-4B3A-AB41-1805B23A8158} = {24284247-0ACD-46F8-968E-785F669EA0EB}
		{1222D315-8EE5-44C0-8932-D44FEFE156AF} = {35CB6CBC-8493-4B3A-AB41-1805B23A8158}
		{9005DD79-DC96-4AF1-92FE-74726F7595E3} = {35CB6CBC-8493-4B3A-AB41-1805B23A8158}
		{58C4A955-A05D-49C5-B32F-7B0D596D1280} = {35CB6CBC-8493-4B3A-AB41-1805B23A8158}
		{0081525D-23CE-4C6D-8B64-BD1D383D6464} = {24284247-0ACD-46F8-968E-785F669EA0EB}
		{DAE5F650-3D0A-41F4-9033-86E05D4B8DCC} = {0081525D-23CE-4C6D-8B64-BD1D383D6464}
		{D2281B58-B263-4F3A-AAD7-4013751D9F1B} = {0081525D-23CE-4C6D-8B64-BD1D383D6464}
		{55C5C953-09AB-423E-90BF-86845C23022E} = {0081525D-23CE-4C6D-8B64-BD1D383D6464}
		{0C13FC10-2A92-4174-A01E-21F25A7005F5} = {24284247-0ACD-46F8-968E-785F669EA0EB}
		{1C2A21C7-BD63-44A1-A388-C405FC970EBB} = {0C13FC10-2A92-4174-A01E-21F25A7005F5}
		{7C5E5F3A-70FA-41E6-917C-CF1D8B25BE23} = {0C13FC10-2A92-4174-A01E-21F25A7005F5}
		{00111FFF-7E8C-4A6D-8FFC-44733B53F7E6} = {0C13FC10-2A92-4174-A01E-21F25A7005F5}
		{010E9696-C0DB-4F86-8B87-F3A4970755F2} = {24284247-0ACD-46F8-968E-785F669EA0EB}
		{06792029-0452-4EFA-BCBF-A873EE155F0B} = {010E9696-C0DB-4F86-8B87-F3A4970755F2}
		{B4499926-05CC-46F9-994C-25E7FE3CA436} = {010E9696-C0DB-4F86-8B87-F3A4970755F2}
		{F3C844F9-5E66-4864-9A01-3C4D4385B83D} = {010E9696-C0DB-4F86-8B87-F3A4970755F2}
	EndGlobalSection
EndGlobal
